
Microsoft Visual Studio Solution File, Format Version 12.00
# Visual Studio Version 17
VisualStudioVersion = 17.2.32616.157
MinimumVisualStudioVersion = 10.0.40219.1
Project("{FAE04EC0-301F-11D3-BF4B-00C04F79EFBC}") = "JenkinCICD", "JenkinCICD.csproj", "{B5AB2B50-A1CC-4DEF-8F1E-F208A28257D9}"
EndProject
Global
	GlobalSection(SolutionConfigurationPlatforms) = preSolution
		Debug|Any CPU = Debug|Any CPU
		Release|Any CPU = Release|Any CPU
	EndGlobalSection
	GlobalSection(ProjectConfigurationPlatforms) = postSolution
		{B5AB2B50-A1CC-4DEF-8F1E-F208A28257D9}.Debug|Any CPU.ActiveCfg = Debug|Any CPU
		{B5AB2B50-A1CC-4DEF-8F1E-F208A28257D9}.Debug|Any CPU.Build.0 = Debug|Any CPU
		{B5AB2B50-A1CC-4DEF-8F1E-F208A28257D9}.Release|Any CPU.ActiveCfg = Release|Any CPU
		{B5AB2B50-A1CC-4DEF-8F1E-F208A28257D9}.Release|Any CPU.Build.0 = Release|Any CPU
	EndGlobalSection
	GlobalSection(SolutionProperties) = preSolution
		HideSolutionNode = FALSE
	EndGlobalSection
	GlobalSection(ExtensibilityGlobals) = postSolution
		SolutionGuid = {135A7DFE-D3EC-4BC4-9176-865167C888BA}
	EndGlobalSection
EndGlobal
